
Microsoft Visual Studio Solution File, Format Version 12.00
# Visual Studio 15
VisualStudioVersion = 15.0.27004.2006
MinimumVisualStudioVersion = 10.0.40219.1
Project("{FAE04EC0-301F-11D3-BF4B-00C04F79EFBC}") = "BankApplication", "BankApplication\BankApplication.csproj", "{4D932D07-653B-482E-85A0-BD2C98D41042}"
EndProject
Project("{FAE04EC0-301F-11D3-BF4B-00C04F79EFBC}") = "BankLibrary", "BankLibrary\BankLibrary.csproj", "{DE196AAC-188E-446F-B720-80D6B8C590B7}"
EndProject
Global
	GlobalSection(SolutionConfigurationPlatforms) = preSolution
		Debug|Any CPU = Debug|Any CPU
		Release|Any CPU = Release|Any CPU
	EndGlobalSection
	GlobalSection(ProjectConfigurationPlatforms) = postSolution
		{4D932D07-653B-482E-85A0-BD2C98D41042}.Debug|Any CPU.ActiveCfg = Debug|Any CPU
		{4D932D07-653B-482E-85A0-BD2C98D41042}.Debug|Any CPU.Build.0 = Debug|Any CPU
		{4D932D07-653B-482E-85A0-BD2C98D41042}.Release|Any CPU.ActiveCfg = Release|Any CPU
		{4D932D07-653B-482E-85A0-BD2C98D41042}.Release|Any CPU.Build.0 = Release|Any CPU
		{DE196AAC-188E-446F-B720-80D6B8C590B7}.Debug|Any CPU.ActiveCfg = Debug|Any CPU
		{DE196AAC-188E-446F-B720-80D6B8C590B7}.Debug|Any CPU.Build.0 = Debug|Any CPU
		{DE196AAC-188E-446F-B720-80D6B8C590B7}.Release|Any CPU.ActiveCfg = Release|Any CPU
		{DE196AAC-188E-446F-B720-80D6B8C590B7}.Release|Any CPU.Build.0 = Release|Any CPU
	EndGlobalSection
	GlobalSection(SolutionProperties) = preSolution
		HideSolutionNode = FALSE
	EndGlobalSection
	GlobalSection(ExtensibilityGlobals) = postSolution
		SolutionGuid = {0CF03CE2-48D0-4C92-948F-96B9CB26C0D1}
	EndGlobalSection
EndGlobal
